
Microsoft Visual Studio Solution File, Format Version 12.00
# Visual Studio 15
VisualStudioVersion = 15.0.28307.329
MinimumVisualStudioVersion = 10.0.40219.1
Project("{FAE04EC0-301F-11D3-BF4B-00C04F79EFBC}") = "IntelektikaPR", "IntelektikaPR\IntelektikaPR.csproj", "{B6319716-2E66-450F-83FA-796D5AA3EBD1}"
EndProject
Global
	GlobalSection(SolutionConfigurationPlatforms) = preSolution
		Debug|Any CPU = Debug|Any CPU
		Release|Any CPU = Release|Any CPU
	EndGlobalSection
	GlobalSection(ProjectConfigurationPlatforms) = postSolution
		{B6319716-2E66-450F-83FA-796D5AA3EBD1}.Debug|Any CPU.ActiveCfg = Debug|Any CPU
		{B6319716-2E66-450F-83FA-796D5AA3EBD1}.Debug|Any CPU.Build.0 = Debug|Any CPU
		{B6319716-2E66-450F-83FA-796D5AA3EBD1}.Release|Any CPU.ActiveCfg = Release|Any CPU
		{B6319716-2E66-450F-83FA-796D5AA3EBD1}.Release|Any CPU.Build.0 = Release|Any CPU
	EndGlobalSection
	GlobalSection(SolutionProperties) = preSolution
		HideSolutionNode = FALSE
	EndGlobalSection
	GlobalSection(ExtensibilityGlobals) = postSolution
		SolutionGuid = {EAFBD28F-E468-4024-84AD-67771A44CDF3}
	EndGlobalSection
EndGlobal
